
Microsoft Visual Studio Solution File, Format Version 12.00
Project("{FAE04EC0-301F-11D3-BF4B-00C04F79EFBC}") = "Tests", "Tests\Tests.csproj", "{A3734C37-7DE4-45C0-A631-22F69AEDBC9C}"
EndProject
Project("{FAE04EC0-301F-11D3-BF4B-00C04F79EFBC}") = "PageObjects", "PageObjects\PageObjects.csproj", "{918C106B-0CE6-41DB-814D-E71A55EE6CCA}"
EndProject
Project("{FAE04EC0-301F-11D3-BF4B-00C04F79EFBC}") = "Utilities", "Utilities\Utilities.csproj", "{05B11FDB-F0AC-4D41-A048-03D7B16C8153}"
EndProject
Project("{FAE04EC0-301F-11D3-BF4B-00C04F79EFBC}") = "Drivers", "Drivers\Drivers.csproj", "{0B7C815F-E8A0-45AF-BD1E-71CF85EA8B40}"
EndProject
Global
	GlobalSection(SolutionConfigurationPlatforms) = preSolution
		Debug|Any CPU = Debug|Any CPU
		Release|Any CPU = Release|Any CPU
	EndGlobalSection
	GlobalSection(ProjectConfigurationPlatforms) = postSolution
		{A3734C37-7DE4-45C0-A631-22F69AEDBC9C}.Debug|Any CPU.ActiveCfg = Debug|Any CPU
		{A3734C37-7DE4-45C0-A631-22F69AEDBC9C}.Debug|Any CPU.Build.0 = Debug|Any CPU
		{A3734C37-7DE4-45C0-A631-22F69AEDBC9C}.Release|Any CPU.ActiveCfg = Release|Any CPU
		{A3734C37-7DE4-45C0-A631-22F69AEDBC9C}.Release|Any CPU.Build.0 = Release|Any CPU
		{918C106B-0CE6-41DB-814D-E71A55EE6CCA}.Debug|Any CPU.ActiveCfg = Debug|Any CPU
		{918C106B-0CE6-41DB-814D-E71A55EE6CCA}.Debug|Any CPU.Build.0 = Debug|Any CPU
		{918C106B-0CE6-41DB-814D-E71A55EE6CCA}.Release|Any CPU.ActiveCfg = Release|Any CPU
		{918C106B-0CE6-41DB-814D-E71A55EE6CCA}.Release|Any CPU.Build.0 = Release|Any CPU
		{05B11FDB-F0AC-4D41-A048-03D7B16C8153}.Debug|Any CPU.ActiveCfg = Debug|Any CPU
		{05B11FDB-F0AC-4D41-A048-03D7B16C8153}.Debug|Any CPU.Build.0 = Debug|Any CPU
		{05B11FDB-F0AC-4D41-A048-03D7B16C8153}.Release|Any CPU.ActiveCfg = Release|Any CPU
		{05B11FDB-F0AC-4D41-A048-03D7B16C8153}.Release|Any CPU.Build.0 = Release|Any CPU
		{0B7C815F-E8A0-45AF-BD1E-71CF85EA8B40}.Debug|Any CPU.ActiveCfg = Debug|Any CPU
		{0B7C815F-E8A0-45AF-BD1E-71CF85EA8B40}.Debug|Any CPU.Build.0 = Debug|Any CPU
		{0B7C815F-E8A0-45AF-BD1E-71CF85EA8B40}.Release|Any CPU.ActiveCfg = Release|Any CPU
		{0B7C815F-E8A0-45AF-BD1E-71CF85EA8B40}.Release|Any CPU.Build.0 = Release|Any CPU
	EndGlobalSection
EndGlobal
